// !$*UTF8*$!
{
	archiveVersion = 1;
	classes = {
	};
	objectVersion = 55;
	objects = {

/* Begin PBXBuildFile section */
		5905F21727FA36D700BFEEA2 /* TwoWayToggle.swift in Sources */ = {isa = PBXBuildFile; fileRef = 5905F21627FA36D700BFEEA2 /* TwoWayToggle.swift */; };
		5950F19227DFCA57001EC6B9 /* FlowLayoutRevisitedView.swift in Sources */ = {isa = PBXBuildFile; fileRef = 5950F19127DFCA57001EC6B9 /* FlowLayoutRevisitedView.swift */; };
		596C29F5282A091F002648CA /* FlipAndSlideView.swift in Sources */ = {isa = PBXBuildFile; fileRef = 596C29F4282A091F002648CA /* FlipAndSlideView.swift */; };
		596DE08D27D71FB80037C0EC /* GeometryEffectView.swift in Sources */ = {isa = PBXBuildFile; fileRef = 596DE08C27D71FB80037C0EC /* GeometryEffectView.swift */; };
		597A2C22281125CF008ED2AF /* AdvancedAlignmentView.swift in Sources */ = {isa = PBXBuildFile; fileRef = 597A2C21281125CF008ED2AF /* AdvancedAlignmentView.swift */; };
		59AC921127DAD844006B0A93 /* TransitionsView.swift in Sources */ = {isa = PBXBuildFile; fileRef = 59AC921027DAD844006B0A93 /* TransitionsView.swift */; };
		59C16C732728C05600DF2A3A /* SwiftUIPlaygroundApp.swift in Sources */ = {isa = PBXBuildFile; fileRef = 59C16C722728C05600DF2A3A /* SwiftUIPlaygroundApp.swift */; };
		59C16C752728C05600DF2A3A /* ContentView.swift in Sources */ = {isa = PBXBuildFile; fileRef = 59C16C742728C05600DF2A3A /* ContentView.swift */; };
		59C16C772728C05800DF2A3A /* Assets.xcassets in Resources */ = {isa = PBXBuildFile; fileRef = 59C16C762728C05800DF2A3A /* Assets.xcassets */; };
		59C16C7A2728C05800DF2A3A /* Preview Assets.xcassets in Resources */ = {isa = PBXBuildFile; fileRef = 59C16C792728C05800DF2A3A /* Preview Assets.xcassets */; };
		59CAC7E92805F9FD008739ED /* FixedSizeBuiltIns.swift in Sources */ = {isa = PBXBuildFile; fileRef = 59CAC7E82805F9FD008739ED /* FixedSizeBuiltIns.swift */; };
		59F442F427E1C52E0087FD22 /* MapViewReaderView.swift in Sources */ = {isa = PBXBuildFile; fileRef = 59F442F327E1C52E0087FD22 /* MapViewReaderView.swift */; };
		59F442F627E1C8060087FD22 /* GesturesAnimations1.swift in Sources */ = {isa = PBXBuildFile; fileRef = 59F442F527E1C8060087FD22 /* GesturesAnimations1.swift */; };
/* End PBXBuildFile section */

/* Begin PBXFileReference section */
		5905F21627FA36D700BFEEA2 /* TwoWayToggle.swift */ = {isa = PBXFileReference; lastKnownFileType = sourcecode.swift; path = TwoWayToggle.swift; sourceTree = "<group>"; };
		5950F19127DFCA57001EC6B9 /* FlowLayoutRevisitedView.swift */ = {isa = PBXFileReference; lastKnownFileType = sourcecode.swift; path = FlowLayoutRevisitedView.swift; sourceTree = "<group>"; };
		596C29F4282A091F002648CA /* FlipAndSlideView.swift */ = {isa = PBXFileReference; lastKnownFileType = sourcecode.swift; path = FlipAndSlideView.swift; sourceTree = "<group>"; };
		596DE08C27D71FB80037C0EC /* GeometryEffectView.swift */ = {isa = PBXFileReference; lastKnownFileType = sourcecode.swift; path = GeometryEffectView.swift; sourceTree = "<group>"; };
		597A2C21281125CF008ED2AF /* AdvancedAlignmentView.swift */ = {isa = PBXFileReference; lastKnownFileType = sourcecode.swift; path = AdvancedAlignmentView.swift; sourceTree = "<group>"; };
		59AC921027DAD844006B0A93 /* TransitionsView.swift */ = {isa = PBXFileReference; lastKnownFileType = sourcecode.swift; path = TransitionsView.swift; sourceTree = "<group>"; };
		59C16C6F2728C05600DF2A3A /* SwiftUIPlayground.app */ = {isa = PBXFileReference; explicitFileType = wrapper.application; includeInIndex = 0; path = SwiftUIPlayground.app; sourceTree = BUILT_PRODUCTS_DIR; };
		59C16C722728C05600DF2A3A /* SwiftUIPlaygroundApp.swift */ = {isa = PBXFileReference; lastKnownFileType = sourcecode.swift; path = SwiftUIPlaygroundApp.swift; sourceTree = "<group>"; };
		59C16C742728C05600DF2A3A /* ContentView.swift */ = {isa = PBXFileReference; lastKnownFileType = sourcecode.swift; path = ContentView.swift; sourceTree = "<group>"; };
		59C16C762728C05800DF2A3A /* Assets.xcassets */ = {isa = PBXFileReference; lastKnownFileType = folder.assetcatalog; path = Assets.xcassets; sourceTree = "<group>"; };
		59C16C792728C05800DF2A3A /* Preview Assets.xcassets */ = {isa = PBXFileReference; lastKnownFileType = folder.assetcatalog; path = "Preview Assets.xcassets"; sourceTree = "<group>"; };
		59CAC7E82805F9FD008739ED /* FixedSizeBuiltIns.swift */ = {isa = PBXFileReference; lastKnownFileType = sourcecode.swift; path = FixedSizeBuiltIns.swift; sourceTree = "<group>"; };
		59F442F327E1C52E0087FD22 /* MapViewReaderView.swift */ = {isa = PBXFileReference; lastKnownFileType = sourcecode.swift; path = MapViewReaderView.swift; sourceTree = "<group>"; };
		59F442F527E1C8060087FD22 /* GesturesAnimations1.swift */ = {isa = PBXFileReference; lastKnownFileType = sourcecode.swift; path = GesturesAnimations1.swift; sourceTree = "<group>"; };
/* End PBXFileReference section */

/* Begin PBXFrameworksBuildPhase section */
		59C16C6C2728C05600DF2A3A /* Frameworks */ = {
			isa = PBXFrameworksBuildPhase;
			buildActionMask = 2147483647;
			files = (
			);
			runOnlyForDeploymentPostprocessing = 0;
		};
/* End PBXFrameworksBuildPhase section */

/* Begin PBXGroup section */
		59C16C662728C05600DF2A3A = {
			isa = PBXGroup;
			children = (
				59C16C712728C05600DF2A3A /* SwiftUIPlayground */,
				59C16C702728C05600DF2A3A /* Products */,
			);
			sourceTree = "<group>";
		};
		59C16C702728C05600DF2A3A /* Products */ = {
			isa = PBXGroup;
			children = (
				59C16C6F2728C05600DF2A3A /* SwiftUIPlayground.app */,
			);
			name = Products;
			sourceTree = "<group>";
		};
		59C16C712728C05600DF2A3A /* SwiftUIPlayground */ = {
			isa = PBXGroup;
			children = (
				59C16C722728C05600DF2A3A /* SwiftUIPlaygroundApp.swift */,
				59F442F327E1C52E0087FD22 /* MapViewReaderView.swift */,
				59F442F527E1C8060087FD22 /* GesturesAnimations1.swift */,
				5905F21627FA36D700BFEEA2 /* TwoWayToggle.swift */,
				59CAC7E82805F9FD008739ED /* FixedSizeBuiltIns.swift */,
				597A2C21281125CF008ED2AF /* AdvancedAlignmentView.swift */,
				596C29F4282A091F002648CA /* FlipAndSlideView.swift */,
				59C16C742728C05600DF2A3A /* ContentView.swift */,
				596DE08C27D71FB80037C0EC /* GeometryEffectView.swift */,
				59AC921027DAD844006B0A93 /* TransitionsView.swift */,
				5950F19127DFCA57001EC6B9 /* FlowLayoutRevisitedView.swift */,
				59C16C762728C05800DF2A3A /* Assets.xcassets */,
				59C16C782728C05800DF2A3A /* Preview Content */,
			);
			path = SwiftUIPlayground;
			sourceTree = "<group>";
		};
		59C16C782728C05800DF2A3A /* Preview Content */ = {
			isa = PBXGroup;
			children = (
				59C16C792728C05800DF2A3A /* Preview Assets.xcassets */,
			);
			path = "Preview Content";
			sourceTree = "<group>";
		};
/* End PBXGroup section */

/* Begin PBXNativeTarget section */
		59C16C6E2728C05600DF2A3A /* SwiftUIPlayground */ = {
			isa = PBXNativeTarget;
			buildConfigurationList = 59C16C7D2728C05800DF2A3A /* Build configuration list for PBXNativeTarget "SwiftUIPlayground" */;
			buildPhases = (
				59C16C6B2728C05600DF2A3A /* Sources */,
				59C16C6C2728C05600DF2A3A /* Frameworks */,
				59C16C6D2728C05600DF2A3A /* Resources */,
			);
			buildRules = (
			);
			dependencies = (
			);
			name = SwiftUIPlayground;
			productName = SwiftUIPlayground;
			productReference = 59C16C6F2728C05600DF2A3A /* SwiftUIPlayground.app */;
			productType = "com.apple.product-type.application";
		};
/* End PBXNativeTarget section */

/* Begin PBXProject section */
		59C16C672728C05600DF2A3A /* Project object */ = {
			isa = PBXProject;
			attributes = {
				BuildIndependentTargetsInParallel = 1;
				LastSwiftUpdateCheck = 1310;
				LastUpgradeCheck = 1310;
				TargetAttributes = {
					59C16C6E2728C05600DF2A3A = {
						CreatedOnToolsVersion = 13.1;
					};
				};
			};
			buildConfigurationList = 59C16C6A2728C05600DF2A3A /* Build configuration list for PBXProject "SwiftUIPlayground" */;
			compatibilityVersion = "Xcode 13.0";
			developmentRegion = en;
			hasScannedForEncodings = 0;
			knownRegions = (
				en,
				Base,
			);
			mainGroup = 59C16C662728C05600DF2A3A;
			productRefGroup = 59C16C702728C05600DF2A3A /* Products */;
			projectDirPath = "";
			projectRoot = "";
			targets = (
				59C16C6E2728C05600DF2A3A /* SwiftUIPlayground */,
			);
		};
/* End PBXProject section */

/* Begin PBXResourcesBuildPhase section */
		59C16C6D2728C05600DF2A3A /* Resources */ = {
			isa = PBXResourcesBuildPhase;
			buildActionMask = 2147483647;
			files = (
				59C16C7A2728C05800DF2A3A /* Preview Assets.xcassets in Resources */,
				59C16C772728C05800DF2A3A /* Assets.xcassets in Resources */,
			);
			runOnlyForDeploymentPostprocessing = 0;
		};
/* End PBXResourcesBuildPhase section */

/* Begin PBXSourcesBuildPhase section */
		59C16C6B2728C05600DF2A3A /* Sources */ = {
			isa = PBXSourcesBuildPhase;
			buildActionMask = 2147483647;
			files = (
				59C16C752728C05600DF2A3A /* ContentView.swift in Sources */,
				59AC921127DAD844006B0A93 /* TransitionsView.swift in Sources */,
				59CAC7E92805F9FD008739ED /* FixedSizeBuiltIns.swift in Sources */,
				5905F21727FA36D700BFEEA2 /* TwoWayToggle.swift in Sources */,
				597A2C22281125CF008ED2AF /* AdvancedAlignmentView.swift in Sources */,
				596DE08D27D71FB80037C0EC /* GeometryEffectView.swift in Sources */,
				59F442F427E1C52E0087FD22 /* MapViewReaderView.swift in Sources */,
				59F442F627E1C8060087FD22 /* GesturesAnimations1.swift in Sources */,
				5950F19227DFCA57001EC6B9 /* FlowLayoutRevisitedView.swift in Sources */,
				596C29F5282A091F002648CA /* FlipAndSlideView.swift in Sources */,
				59C16C732728C05600DF2A3A /* SwiftUIPlaygroundApp.swift in Sources */,
			);
			runOnlyForDeploymentPostprocessing = 0;
		};
/* End PBXSourcesBuildPhase section */

/* Begin XCBuildConfiguration section */
		59C16C7B2728C05800DF2A3A /* Debug */ = {
			isa = XCBuildConfiguration;
			buildSettings = {
				ALWAYS_SEARCH_USER_PATHS = NO;
				CLANG_ANALYZER_NONNULL = YES;
				CLANG_ANALYZER_NUMBER_OBJECT_CONVERSION = YES_AGGRESSIVE;
				CLANG_CXX_LANGUAGE_STANDARD = "gnu++17";
				CLANG_CXX_LIBRARY = "libc++";
				CLANG_ENABLE_MODULES = YES;
				CLANG_ENABLE_OBJC_ARC = YES;
				CLANG_ENABLE_OBJC_WEAK = YES;
				CLANG_WARN_BLOCK_CAPTURE_AUTORELEASING = YES;
				CLANG_WARN_BOOL_CONVERSION = YES;
				CLANG_WARN_COMMA = YES;
				CLANG_WARN_CONSTANT_CONVERSION = YES;
				CLANG_WARN_DEPRECATED_OBJC_IMPLEMENTATIONS = YES;
				CLANG_WARN_DIRECT_OBJC_ISA_USAGE = YES_ERROR;
				CLANG_WARN_DOCUMENTATION_COMMENTS = YES;
				CLANG_WARN_EMPTY_BODY = YES;
				CLANG_WARN_ENUM_CONVERSION = YES;
				CLANG_WARN_INFINITE_RECURSION = YES;
				CLANG_WARN_INT_CONVERSION = YES;
				CLANG_WARN_NON_LITERAL_NULL_CONVERSION = YES;
				CLANG_WARN_OBJC_IMPLICIT_RETAIN_SELF = YES;
				CLANG_WARN_OBJC_LITERAL_CONVERSION = YES;
				CLANG_WARN_OBJC_ROOT_CLASS = YES_ERROR;
				CLANG_WARN_QUOTED_INCLUDE_IN_FRAMEWORK_HEADER = YES;
				CLANG_WARN_RANGE_LOOP_ANALYSIS = YES;
				CLANG_WARN_STRICT_PROTOTYPES = YES;
				CLANG_WARN_SUSPICIOUS_MOVE = YES;
				CLANG_WARN_UNGUARDED_AVAILABILITY = YES_AGGRESSIVE;
				CLANG_WARN_UNREACHABLE_CODE = YES;
				CLANG_WARN__DUPLICATE_METHOD_MATCH = YES;
				COPY_PHASE_STRIP = NO;
				DEBUG_INFORMATION_FORMAT = dwarf;
				ENABLE_STRICT_OBJC_MSGSEND = YES;
				ENABLE_TESTABILITY = YES;
				GCC_C_LANGUAGE_STANDARD = gnu11;
				GCC_DYNAMIC_NO_PIC = NO;
				GCC_NO_COMMON_BLOCKS = YES;
				GCC_OPTIMIZATION_LEVEL = 0;
				GCC_PREPROCESSOR_DEFINITIONS = (
					"DEBUG=1",
					"$(inherited)",
				);
				GCC_WARN_64_TO_32_BIT_CONVERSION = YES;
				GCC_WARN_ABOUT_RETURN_TYPE = YES_ERROR;
				GCC_WARN_UNDECLARED_SELECTOR = YES;
				GCC_WARN_UNINITIALIZED_AUTOS = YES_AGGRESSIVE;
				GCC_WARN_UNUSED_FUNCTION = YES;
				GCC_WARN_UNUSED_VARIABLE = YES;
				IPHONEOS_DEPLOYMENT_TARGET = 15.0;
				MTL_ENABLE_DEBUG_INFO = INCLUDE_SOURCE;
				MTL_FAST_MATH = YES;
				ONLY_ACTIVE_ARCH = YES;
				SDKROOT = iphoneos;
				SWIFT_ACTIVE_COMPILATION_CONDITIONS = DEBUG;
				SWIFT_OPTIMIZATION_LEVEL = "-Onone";
			};
			name = Debug;
		};
		59C16C7C2728C05800DF2A3A /* Release */ = {
			isa = XCBuildConfiguration;
			buildSettings = {
				ALWAYS_SEARCH_USER_PATHS = NO;
				CLANG_ANALYZER_NONNULL = YES;
				CLANG_ANALYZER_NUMBER_OBJECT_CONVERSION = YES_AGGRESSIVE;
				CLANG_CXX_LANGUAGE_STANDARD = "gnu++17";
				CLANG_CXX_LIBRARY = "libc++";
				CLANG_ENABLE_MODULES = YES;
				CLANG_ENABLE_OBJC_ARC = YES;
				CLANG_ENABLE_OBJC_WEAK = YES;
				CLANG_WARN_BLOCK_CAPTURE_AUTORELEASING = YES;
				CLANG_WARN_BOOL_CONVERSION = YES;
				CLANG_WARN_COMMA = YES;
				CLANG_WARN_CONSTANT_CONVERSION = YES;
				CLANG_WARN_DEPRECATED_OBJC_IMPLEMENTATIONS = YES;
				CLANG_WARN_DIRECT_OBJC_ISA_USAGE = YES_ERROR;
				CLANG_WARN_DOCUMENTATION_COMMENTS = YES;
				CLANG_WARN_EMPTY_BODY = YES;
				CLANG_WARN_ENUM_CONVERSION = YES;
				CLANG_WARN_INFINITE_RECURSION = YES;
				CLANG_WARN_INT_CONVERSION = YES;
				CLANG_WARN_NON_LITERAL_NULL_CONVERSION = YES;
				CLANG_WARN_OBJC_IMPLICIT_RETAIN_SELF = YES;
				CLANG_WARN_OBJC_LITERAL_CONVERSION = YES;
				CLANG_WARN_OBJC_ROOT_CLASS = YES_ERROR;
				CLANG_WARN_QUOTED_INCLUDE_IN_FRAMEWORK_HEADER = YES;
				CLANG_WARN_RANGE_LOOP_ANALYSIS = YES;
				CLANG_WARN_STRICT_PROTOTYPES = YES;
				CLANG_WARN_SUSPICIOUS_MOVE = YES;
				CLANG_WARN_UNGUARDED_AVAILABILITY = YES_AGGRESSIVE;
				CLANG_WARN_UNREACHABLE_CODE = YES;
				CLANG_WARN__DUPLICATE_METHOD_MATCH = YES;
				COPY_PHASE_STRIP = NO;
				DEBUG_INFORMATION_FORMAT = "dwarf-with-dsym";
				ENABLE_NS_ASSERTIONS = NO;
				ENABLE_STRICT_OBJC_MSGSEND = YES;
				GCC_C_LANGUAGE_STANDARD = gnu11;
				GCC_NO_COMMON_BLOCKS = YES;
				GCC_WARN_64_TO_32_BIT_CONVERSION = YES;
				GCC_WARN_ABOUT_RETURN_TYPE = YES_ERROR;
				GCC_WARN_UNDECLARED_SELECTOR = YES;
				GCC_WARN_UNINITIALIZED_AUTOS = YES_AGGRESSIVE;
				GCC_WARN_UNUSED_FUNCTION = YES;
				GCC_WARN_UNUSED_VARIABLE = YES;
				IPHONEOS_DEPLOYMENT_TARGET = 15.0;
				MTL_ENABLE_DEBUG_INFO = NO;
				MTL_FAST_MATH = YES;
				SDKROOT = iphoneos;
				SWIFT_COMPILATION_MODE = wholemodule;
				SWIFT_OPTIMIZATION_LEVEL = "-O";
				VALIDATE_PRODUCT = YES;
			};
			name = Release;
		};
		59C16C7E2728C05800DF2A3A /* Debug */ = {
			isa = XCBuildConfiguration;
			buildSettings = {
				ASSETCATALOG_COMPILER_APPICON_NAME = AppIcon;
				ASSETCATALOG_COMPILER_GLOBAL_ACCENT_COLOR_NAME = AccentColor;
				CODE_SIGN_STYLE = Automatic;
				CURRENT_PROJECT_VERSION = 1;
				DEVELOPMENT_ASSET_PATHS = "\"SwiftUIPlayground/Preview Content\"";
				DEVELOPMENT_TEAM = 2W72Q4758S;
				ENABLE_PREVIEWS = YES;
				GENERATE_INFOPLIST_FILE = YES;
				INFOPLIST_KEY_UIApplicationSceneManifest_Generation = YES;
				INFOPLIST_KEY_UIApplicationSupportsIndirectInputEvents = YES;
				INFOPLIST_KEY_UILaunchScreen_Generation = YES;
				INFOPLIST_KEY_UISupportedInterfaceOrientations_iPad = "UIInterfaceOrientationPortrait UIInterfaceOrientationPortraitUpsideDown UIInterfaceOrientationLandscapeLeft UIInterfaceOrientationLandscapeRight";
				INFOPLIST_KEY_UISupportedInterfaceOrientations_iPhone = "UIInterfaceOrientationPortrait UIInterfaceOrientationLandscapeLeft UIInterfaceOrientationLandscapeRight";
				LD_RUNPATH_SEARCH_PATHS = (
					"$(inherited)",
					"@executable_path/Frameworks",
				);
				MARKETING_VERSION = 1.0;
				PRODUCT_BUNDLE_IDENTIFIER = com.sakunlabs.SwiftUIPlayground;
				PRODUCT_NAME = "$(TARGET_NAME)";
				SWIFT_EMIT_LOC_STRINGS = YES;
				SWIFT_VERSION = 5.0;
				TARGETED_DEVICE_FAMILY = "1,2";
			};
			name = Debug;
		};
		59C16C7F2728C05800DF2A3A /* Release */ = {
			isa = XCBuildConfiguration;
			buildSettings = {
				ASSETCATALOG_COMPILER_APPICON_NAME = AppIcon;
				ASSETCATALOG_COMPILER_GLOBAL_ACCENT_COLOR_NAME = AccentColor;
				CODE_SIGN_STYLE = Automatic;
				CURRENT_PROJECT_VERSION = 1;
				DEVELOPMENT_ASSET_PATHS = "\"SwiftUIPlayground/Preview Content\"";
				DEVELOPMENT_TEAM = 2W72Q4758S;
				ENABLE_PREVIEWS = YES;
				GENERATE_INFOPLIST_FILE = YES;
				INFOPLIST_KEY_UIApplicationSceneManifest_Generation = YES;
				INFOPLIST_KEY_UIApplicationSupportsIndirectInputEvents = YES;
				INFOPLIST_KEY_UILaunchScreen_Generation = YES;
				INFOPLIST_KEY_UISupportedInterfaceOrientations_iPad = "UIInterfaceOrientationPortrait UIInterfaceOrientationPortraitUpsideDown UIInterfaceOrientationLandscapeLeft UIInterfaceOrientationLandscapeRight";
				INFOPLIST_KEY_UISupportedInterfaceOrientations_iPhone = "UIInterfaceOrientationPortrait UIInterfaceOrientationLandscapeLeft UIInterfaceOrientationLandscapeRight";
				LD_RUNPATH_SEARCH_PATHS = (
					"$(inherited)",
					"@executable_path/Frameworks",
				);
				MARKETING_VERSION = 1.0;
				PRODUCT_BUNDLE_IDENTIFIER = com.sakunlabs.SwiftUIPlayground;
				PRODUCT_NAME = "$(TARGET_NAME)";
				SWIFT_EMIT_LOC_STRINGS = YES;
				SWIFT_VERSION = 5.0;
				TARGETED_DEVICE_FAMILY = "1,2";
			};
			name = Release;
		};
/* End XCBuildConfiguration section */

/* Begin XCConfigurationList section */
		59C16C6A2728C05600DF2A3A /* Build configuration list for PBXProject "SwiftUIPlayground" */ = {
			isa = XCConfigurationList;
			buildConfigurations = (
				59C16C7B2728C05800DF2A3A /* Debug */,
				59C16C7C2728C05800DF2A3A /* Release */,
			);
			defaultConfigurationIsVisible = 0;
			defaultConfigurationName = Release;
		};
		59C16C7D2728C05800DF2A3A /* Build configuration list for PBXNativeTarget "SwiftUIPlayground" */ = {
			isa = XCConfigurationList;
			buildConfigurations = (
				59C16C7E2728C05800DF2A3A /* Debug */,
				59C16C7F2728C05800DF2A3A /* Release */,
			);
			defaultConfigurationIsVisible = 0;
			defaultConfigurationName = Release;
		};
/* End XCConfigurationList section */
	};
	rootObject = 59C16C672728C05600DF2A3A /* Project object */;
}
